// !$*UTF8*$!
{
	archiveVersion = 1;
	classes = {
	};
	objectVersion = 56;
	objects = {

/* Begin PBXBuildFile section */
		FE37CD542C47FFA6002A4AC6 /* MovieAppApp.swift in Sources */ = {isa = PBXBuildFile; fileRef = FE37CD532C47FFA6002A4AC6 /* MovieAppApp.swift */; };
		FE37CD562C47FFA6002A4AC6 /* ContentView.swift in Sources */ = {isa = PBXBuildFile; fileRef = FE37CD552C47FFA6002A4AC6 /* ContentView.swift */; };
		FE37CD582C47FFA8002A4AC6 /* Assets.xcassets in Resources */ = {isa = PBXBuildFile; fileRef = FE37CD572C47FFA8002A4AC6 /* Assets.xcassets */; };
		FE37CD5B2C47FFA8002A4AC6 /* Preview Assets.xcassets in Resources */ = {isa = PBXBuildFile; fileRef = FE37CD5A2C47FFA8002A4AC6 /* Preview Assets.xcassets */; };
		FE37CD652C47FFA8002A4AC6 /* MovieAppTests.swift in Sources */ = {isa = PBXBuildFile; fileRef = FE37CD642C47FFA8002A4AC6 /* MovieAppTests.swift */; };
		FE37CD6F2C47FFA9002A4AC6 /* MovieAppUITests.swift in Sources */ = {isa = PBXBuildFile; fileRef = FE37CD6E2C47FFA9002A4AC6 /* MovieAppUITests.swift */; };
		FE37CD712C47FFA9002A4AC6 /* MovieAppUITestsLaunchTests.swift in Sources */ = {isa = PBXBuildFile; fileRef = FE37CD702C47FFA9002A4AC6 /* MovieAppUITestsLaunchTests.swift */; };
		FE37CD7E2C48028F002A4AC6 /* .gitignore in Resources */ = {isa = PBXBuildFile; fileRef = FE37CD7D2C48028F002A4AC6 /* .gitignore */; };
		FE37CD812C48033F002A4AC6 /* Constants.swift in Sources */ = {isa = PBXBuildFile; fileRef = FE37CD802C48033F002A4AC6 /* Constants.swift */; };
/* End PBXBuildFile section */

/* Begin PBXContainerItemProxy section */
		FE37CD612C47FFA8002A4AC6 /* PBXContainerItemProxy */ = {
			isa = PBXContainerItemProxy;
			containerPortal = FE37CD482C47FFA6002A4AC6 /* Project object */;
			proxyType = 1;
			remoteGlobalIDString = FE37CD4F2C47FFA6002A4AC6;
			remoteInfo = MovieApp;
		};
		FE37CD6B2C47FFA9002A4AC6 /* PBXContainerItemProxy */ = {
			isa = PBXContainerItemProxy;
			containerPortal = FE37CD482C47FFA6002A4AC6 /* Project object */;
			proxyType = 1;
			remoteGlobalIDString = FE37CD4F2C47FFA6002A4AC6;
			remoteInfo = MovieApp;
		};
/* End PBXContainerItemProxy section */

/* Begin PBXFileReference section */
		FE37CD502C47FFA6002A4AC6 /* MovieApp.app */ = {isa = PBXFileReference; explicitFileType = wrapper.application; includeInIndex = 0; path = MovieApp.app; sourceTree = BUILT_PRODUCTS_DIR; };
		FE37CD532C47FFA6002A4AC6 /* MovieAppApp.swift */ = {isa = PBXFileReference; lastKnownFileType = sourcecode.swift; path = MovieAppApp.swift; sourceTree = "<group>"; };
		FE37CD552C47FFA6002A4AC6 /* ContentView.swift */ = {isa = PBXFileReference; lastKnownFileType = sourcecode.swift; path = ContentView.swift; sourceTree = "<group>"; };
		FE37CD572C47FFA8002A4AC6 /* Assets.xcassets */ = {isa = PBXFileReference; lastKnownFileType = folder.assetcatalog; path = Assets.xcassets; sourceTree = "<group>"; };
		FE37CD5A2C47FFA8002A4AC6 /* Preview Assets.xcassets */ = {isa = PBXFileReference; lastKnownFileType = folder.assetcatalog; path = "Preview Assets.xcassets"; sourceTree = "<group>"; };
		FE37CD602C47FFA8002A4AC6 /* MovieAppTests.xctest */ = {isa = PBXFileReference; explicitFileType = wrapper.cfbundle; includeInIndex = 0; path = MovieAppTests.xctest; sourceTree = BUILT_PRODUCTS_DIR; };
		FE37CD642C47FFA8002A4AC6 /* MovieAppTests.swift */ = {isa = PBXFileReference; lastKnownFileType = sourcecode.swift; path = MovieAppTests.swift; sourceTree = "<group>"; };
		FE37CD6A2C47FFA8002A4AC6 /* MovieAppUITests.xctest */ = {isa = PBXFileReference; explicitFileType = wrapper.cfbundle; includeInIndex = 0; path = MovieAppUITests.xctest; sourceTree = BUILT_PRODUCTS_DIR; };
		FE37CD6E2C47FFA9002A4AC6 /* MovieAppUITests.swift */ = {isa = PBXFileReference; lastKnownFileType = sourcecode.swift; path = MovieAppUITests.swift; sourceTree = "<group>"; };
		FE37CD702C47FFA9002A4AC6 /* MovieAppUITestsLaunchTests.swift */ = {isa = PBXFileReference; lastKnownFileType = sourcecode.swift; path = MovieAppUITestsLaunchTests.swift; sourceTree = "<group>"; };
		FE37CD7D2C48028F002A4AC6 /* .gitignore */ = {isa = PBXFileReference; lastKnownFileType = text; path = .gitignore; sourceTree = "<group>"; };
		FE37CD802C48033F002A4AC6 /* Constants.swift */ = {isa = PBXFileReference; lastKnownFileType = sourcecode.swift; path = Constants.swift; sourceTree = "<group>"; };
/* End PBXFileReference section */

/* Begin PBXFrameworksBuildPhase section */
		FE37CD4D2C47FFA6002A4AC6 /* Frameworks */ = {
			isa = PBXFrameworksBuildPhase;
			buildActionMask = 2147483647;
			files = (
			);
			runOnlyForDeploymentPostprocessing = 0;
		};
		FE37CD5D2C47FFA8002A4AC6 /* Frameworks */ = {
			isa = PBXFrameworksBuildPhase;
			buildActionMask = 2147483647;
			files = (
			);
			runOnlyForDeploymentPostprocessing = 0;
		};
		FE37CD672C47FFA8002A4AC6 /* Frameworks */ = {
			isa = PBXFrameworksBuildPhase;
			buildActionMask = 2147483647;
			files = (
			);
			runOnlyForDeploymentPostprocessing = 0;
		};
/* End PBXFrameworksBuildPhase section */

/* Begin PBXGroup section */
		FE37CD472C47FFA6002A4AC6 = {
			isa = PBXGroup;
			children = (
				FE37CD522C47FFA6002A4AC6 /* MovieApp */,
				FE37CD632C47FFA8002A4AC6 /* MovieAppTests */,
				FE37CD6D2C47FFA9002A4AC6 /* MovieAppUITests */,
				FE37CD512C47FFA6002A4AC6 /* Products */,
			);
			sourceTree = "<group>";
		};
		FE37CD512C47FFA6002A4AC6 /* Products */ = {
			isa = PBXGroup;
			children = (
				FE37CD502C47FFA6002A4AC6 /* MovieApp.app */,
				FE37CD602C47FFA8002A4AC6 /* MovieAppTests.xctest */,
				FE37CD6A2C47FFA8002A4AC6 /* MovieAppUITests.xctest */,
			);
			name = Products;
			sourceTree = "<group>";
		};
		FE37CD522C47FFA6002A4AC6 /* MovieApp */ = {
			isa = PBXGroup;
			children = (
				FE37CD7F2C48032D002A4AC6 /* Utils */,
				FE37CD532C47FFA6002A4AC6 /* MovieAppApp.swift */,
				FE37CD552C47FFA6002A4AC6 /* ContentView.swift */,
				FE37CD572C47FFA8002A4AC6 /* Assets.xcassets */,
				FE37CD7D2C48028F002A4AC6 /* .gitignore */,
				FE37CD592C47FFA8002A4AC6 /* Preview Content */,
			);
			path = MovieApp;
			sourceTree = "<group>";
		};
		FE37CD592C47FFA8002A4AC6 /* Preview Content */ = {
			isa = PBXGroup;
			children = (
				FE37CD5A2C47FFA8002A4AC6 /* Preview Assets.xcassets */,
			);
			path = "Preview Content";
			sourceTree = "<group>";
		};
		FE37CD632C47FFA8002A4AC6 /* MovieAppTests */ = {
			isa = PBXGroup;
			children = (
				FE37CD642C47FFA8002A4AC6 /* MovieAppTests.swift */,
			);
			path = MovieAppTests;
			sourceTree = "<group>";
		};
		FE37CD6D2C47FFA9002A4AC6 /* MovieAppUITests */ = {
			isa = PBXGroup;
			children = (
				FE37CD6E2C47FFA9002A4AC6 /* MovieAppUITests.swift */,
				FE37CD702C47FFA9002A4AC6 /* MovieAppUITestsLaunchTests.swift */,
			);
			path = MovieAppUITests;
			sourceTree = "<group>";
		};
		FE37CD7F2C48032D002A4AC6 /* Utils */ = {
			isa = PBXGroup;
			children = (
				FE37CD802C48033F002A4AC6 /* Constants.swift */,
			);
			path = Utils;
			sourceTree = "<group>";
		};
/* End PBXGroup section */

/* Begin PBXNativeTarget section */
		FE37CD4F2C47FFA6002A4AC6 /* MovieApp */ = {
			isa = PBXNativeTarget;
			buildConfigurationList = FE37CD742C47FFA9002A4AC6 /* Build configuration list for PBXNativeTarget "MovieApp" */;
			buildPhases = (
				FE37CD4C2C47FFA6002A4AC6 /* Sources */,
				FE37CD4D2C47FFA6002A4AC6 /* Frameworks */,
				FE37CD4E2C47FFA6002A4AC6 /* Resources */,
			);
			buildRules = (
			);
			dependencies = (
			);
			name = MovieApp;
			productName = MovieApp;
			productReference = FE37CD502C47FFA6002A4AC6 /* MovieApp.app */;
			productType = "com.apple.product-type.application";
		};
		FE37CD5F2C47FFA8002A4AC6 /* MovieAppTests */ = {
			isa = PBXNativeTarget;
			buildConfigurationList = FE37CD772C47FFA9002A4AC6 /* Build configuration list for PBXNativeTarget "MovieAppTests" */;
			buildPhases = (
				FE37CD5C2C47FFA8002A4AC6 /* Sources */,
				FE37CD5D2C47FFA8002A4AC6 /* Frameworks */,
				FE37CD5E2C47FFA8002A4AC6 /* Resources */,
			);
			buildRules = (
			);
			dependencies = (
				FE37CD622C47FFA8002A4AC6 /* PBXTargetDependency */,
			);
			name = MovieAppTests;
			productName = MovieAppTests;
			productReference = FE37CD602C47FFA8002A4AC6 /* MovieAppTests.xctest */;
			productType = "com.apple.product-type.bundle.unit-test";
		};
		FE37CD692C47FFA8002A4AC6 /* MovieAppUITests */ = {
			isa = PBXNativeTarget;
			buildConfigurationList = FE37CD7A2C47FFA9002A4AC6 /* Build configuration list for PBXNativeTarget "MovieAppUITests" */;
			buildPhases = (
				FE37CD662C47FFA8002A4AC6 /* Sources */,
				FE37CD672C47FFA8002A4AC6 /* Frameworks */,
				FE37CD682C47FFA8002A4AC6 /* Resources */,
			);
			buildRules = (
			);
			dependencies = (
				FE37CD6C2C47FFA9002A4AC6 /* PBXTargetDependency */,
			);
			name = MovieAppUITests;
			productName = MovieAppUITests;
			productReference = FE37CD6A2C47FFA8002A4AC6 /* MovieAppUITests.xctest */;
			productType = "com.apple.product-type.bundle.ui-testing";
		};
/* End PBXNativeTarget section */

/* Begin PBXProject section */
		FE37CD482C47FFA6002A4AC6 /* Project object */ = {
			isa = PBXProject;
			attributes = {
				BuildIndependentTargetsInParallel = 1;
				LastSwiftUpdateCheck = 1540;
				LastUpgradeCheck = 1540;
				TargetAttributes = {
					FE37CD4F2C47FFA6002A4AC6 = {
						CreatedOnToolsVersion = 15.4;
					};
					FE37CD5F2C47FFA8002A4AC6 = {
						CreatedOnToolsVersion = 15.4;
						TestTargetID = FE37CD4F2C47FFA6002A4AC6;
					};
					FE37CD692C47FFA8002A4AC6 = {
						CreatedOnToolsVersion = 15.4;
						TestTargetID = FE37CD4F2C47FFA6002A4AC6;
					};
				};
			};
			buildConfigurationList = FE37CD4B2C47FFA6002A4AC6 /* Build configuration list for PBXProject "MovieApp" */;
			compatibilityVersion = "Xcode 14.0";
			developmentRegion = en;
			hasScannedForEncodings = 0;
			knownRegions = (
				en,
				Base,
			);
			mainGroup = FE37CD472C47FFA6002A4AC6;
			productRefGroup = FE37CD512C47FFA6002A4AC6 /* Products */;
			projectDirPath = "";
			projectRoot = "";
			targets = (
				FE37CD4F2C47FFA6002A4AC6 /* MovieApp */,
				FE37CD5F2C47FFA8002A4AC6 /* MovieAppTests */,
				FE37CD692C47FFA8002A4AC6 /* MovieAppUITests */,
			);
		};
/* End PBXProject section */

/* Begin PBXResourcesBuildPhase section */
		FE37CD4E2C47FFA6002A4AC6 /* Resources */ = {
			isa = PBXResourcesBuildPhase;
			buildActionMask = 2147483647;
			files = (
				FE37CD5B2C47FFA8002A4AC6 /* Preview Assets.xcassets in Resources */,
				FE37CD7E2C48028F002A4AC6 /* .gitignore in Resources */,
				FE37CD582C47FFA8002A4AC6 /* Assets.xcassets in Resources */,
			);
			runOnlyForDeploymentPostprocessing = 0;
		};
		FE37CD5E2C47FFA8002A4AC6 /* Resources */ = {
			isa = PBXResourcesBuildPhase;
			buildActionMask = 2147483647;
			files = (
			);
			runOnlyForDeploymentPostprocessing = 0;
		};
		FE37CD682C47FFA8002A4AC6 /* Resources */ = {
			isa = PBXResourcesBuildPhase;
			buildActionMask = 2147483647;
			files = (
			);
			runOnlyForDeploymentPostprocessing = 0;
		};
/* End PBXResourcesBuildPhase section */

/* Begin PBXSourcesBuildPhase section */
		FE37CD4C2C47FFA6002A4AC6 /* Sources */ = {
			isa = PBXSourcesBuildPhase;
			buildActionMask = 2147483647;
			files = (
				FE37CD562C47FFA6002A4AC6 /* ContentView.swift in Sources */,
				FE37CD542C47FFA6002A4AC6 /* MovieAppApp.swift in Sources */,
				FE37CD812C48033F002A4AC6 /* Constants.swift in Sources */,
			);
			runOnlyForDeploymentPostprocessing = 0;
		};
		FE37CD5C2C47FFA8002A4AC6 /* Sources */ = {
			isa = PBXSourcesBuildPhase;
			buildActionMask = 2147483647;
			files = (
				FE37CD652C47FFA8002A4AC6 /* MovieAppTests.swift in Sources */,
			);
			runOnlyForDeploymentPostprocessing = 0;
		};
		FE37CD662C47FFA8002A4AC6 /* Sources */ = {
			isa = PBXSourcesBuildPhase;
			buildActionMask = 2147483647;
			files = (
				FE37CD712C47FFA9002A4AC6 /* MovieAppUITestsLaunchTests.swift in Sources */,
				FE37CD6F2C47FFA9002A4AC6 /* MovieAppUITests.swift in Sources */,
			);
			runOnlyForDeploymentPostprocessing = 0;
		};
/* End PBXSourcesBuildPhase section */

/* Begin PBXTargetDependency section */
		FE37CD622C47FFA8002A4AC6 /* PBXTargetDependency */ = {
			isa = PBXTargetDependency;
			target = FE37CD4F2C47FFA6002A4AC6 /* MovieApp */;
			targetProxy = FE37CD612C47FFA8002A4AC6 /* PBXContainerItemProxy */;
		};
		FE37CD6C2C47FFA9002A4AC6 /* PBXTargetDependency */ = {
			isa = PBXTargetDependency;
			target = FE37CD4F2C47FFA6002A4AC6 /* MovieApp */;
			targetProxy = FE37CD6B2C47FFA9002A4AC6 /* PBXContainerItemProxy */;
		};
/* End PBXTargetDependency section */

/* Begin XCBuildConfiguration section */
		FE37CD722C47FFA9002A4AC6 /* Debug */ = {
			isa = XCBuildConfiguration;
			buildSettings = {
				ALWAYS_SEARCH_USER_PATHS = NO;
				ASSETCATALOG_COMPILER_GENERATE_SWIFT_ASSET_SYMBOL_EXTENSIONS = YES;
				CLANG_ANALYZER_NONNULL = YES;
				CLANG_ANALYZER_NUMBER_OBJECT_CONVERSION = YES_AGGRESSIVE;
				CLANG_CXX_LANGUAGE_STANDARD = "gnu++20";
				CLANG_ENABLE_MODULES = YES;
				CLANG_ENABLE_OBJC_ARC = YES;
				CLANG_ENABLE_OBJC_WEAK = YES;
				CLANG_WARN_BLOCK_CAPTURE_AUTORELEASING = YES;
				CLANG_WARN_BOOL_CONVERSION = YES;
				CLANG_WARN_COMMA = YES;
				CLANG_WARN_CONSTANT_CONVERSION = YES;
				CLANG_WARN_DEPRECATED_OBJC_IMPLEMENTATIONS = YES;
				CLANG_WARN_DIRECT_OBJC_ISA_USAGE = YES_ERROR;
				CLANG_WARN_DOCUMENTATION_COMMENTS = YES;
				CLANG_WARN_EMPTY_BODY = YES;
				CLANG_WARN_ENUM_CONVERSION = YES;
				CLANG_WARN_INFINITE_RECURSION = YES;
				CLANG_WARN_INT_CONVERSION = YES;
				CLANG_WARN_NON_LITERAL_NULL_CONVERSION = YES;
				CLANG_WARN_OBJC_IMPLICIT_RETAIN_SELF = YES;
				CLANG_WARN_OBJC_LITERAL_CONVERSION = YES;
				CLANG_WARN_OBJC_ROOT_CLASS = YES_ERROR;
				CLANG_WARN_QUOTED_INCLUDE_IN_FRAMEWORK_HEADER = YES;
				CLANG_WARN_RANGE_LOOP_ANALYSIS = YES;
				CLANG_WARN_STRICT_PROTOTYPES = YES;
				CLANG_WARN_SUSPICIOUS_MOVE = YES;
				CLANG_WARN_UNGUARDED_AVAILABILITY = YES_AGGRESSIVE;
				CLANG_WARN_UNREACHABLE_CODE = YES;
				CLANG_WARN__DUPLICATE_METHOD_MATCH = YES;
				COPY_PHASE_STRIP = NO;
				DEBUG_INFORMATION_FORMAT = dwarf;
				ENABLE_STRICT_OBJC_MSGSEND = YES;
				ENABLE_TESTABILITY = YES;
				ENABLE_USER_SCRIPT_SANDBOXING = YES;
				GCC_C_LANGUAGE_STANDARD = gnu17;
				GCC_DYNAMIC_NO_PIC = NO;
				GCC_NO_COMMON_BLOCKS = YES;
				GCC_OPTIMIZATION_LEVEL = 0;
				GCC_PREPROCESSOR_DEFINITIONS = (
					"DEBUG=1",
					"$(inherited)",
				);
				GCC_WARN_64_TO_32_BIT_CONVERSION = YES;
				GCC_WARN_ABOUT_RETURN_TYPE = YES_ERROR;
				GCC_WARN_UNDECLARED_SELECTOR = YES;
				GCC_WARN_UNINITIALIZED_AUTOS = YES_AGGRESSIVE;
				GCC_WARN_UNUSED_FUNCTION = YES;
				GCC_WARN_UNUSED_VARIABLE = YES;
				IPHONEOS_DEPLOYMENT_TARGET = 17.5;
				LOCALIZATION_PREFERS_STRING_CATALOGS = YES;
				MTL_ENABLE_DEBUG_INFO = INCLUDE_SOURCE;
				MTL_FAST_MATH = YES;
				ONLY_ACTIVE_ARCH = YES;
				SDKROOT = iphoneos;
				SWIFT_ACTIVE_COMPILATION_CONDITIONS = "DEBUG $(inherited)";
				SWIFT_OPTIMIZATION_LEVEL = "-Onone";
			};
			name = Debug;
		};
		FE37CD732C47FFA9002A4AC6 /* Release */ = {
			isa = XCBuildConfiguration;
			buildSettings = {
				ALWAYS_SEARCH_USER_PATHS = NO;
				ASSETCATALOG_COMPILER_GENERATE_SWIFT_ASSET_SYMBOL_EXTENSIONS = YES;
				CLANG_ANALYZER_NONNULL = YES;
				CLANG_ANALYZER_NUMBER_OBJECT_CONVERSION = YES_AGGRESSIVE;
				CLANG_CXX_LANGUAGE_STANDARD = "gnu++20";
				CLANG_ENABLE_MODULES = YES;
				CLANG_ENABLE_OBJC_ARC = YES;
				CLANG_ENABLE_OBJC_WEAK = YES;
				CLANG_WARN_BLOCK_CAPTURE_AUTORELEASING = YES;
				CLANG_WARN_BOOL_CONVERSION = YES;
				CLANG_WARN_COMMA = YES;
				CLANG_WARN_CONSTANT_CONVERSION = YES;
				CLANG_WARN_DEPRECATED_OBJC_IMPLEMENTATIONS = YES;
				CLANG_WARN_DIRECT_OBJC_ISA_USAGE = YES_ERROR;
				CLANG_WARN_DOCUMENTATION_COMMENTS = YES;
				CLANG_WARN_EMPTY_BODY = YES;
				CLANG_WARN_ENUM_CONVERSION = YES;
				CLANG_WARN_INFINITE_RECURSION = YES;
				CLANG_WARN_INT_CONVERSION = YES;
				CLANG_WARN_NON_LITERAL_NULL_CONVERSION = YES;
				CLANG_WARN_OBJC_IMPLICIT_RETAIN_SELF = YES;
				CLANG_WARN_OBJC_LITERAL_CONVERSION = YES;
				CLANG_WARN_OBJC_ROOT_CLASS = YES_ERROR;
				CLANG_WARN_QUOTED_INCLUDE_IN_FRAMEWORK_HEADER = YES;
				CLANG_WARN_RANGE_LOOP_ANALYSIS = YES;
				CLANG_WARN_STRICT_PROTOTYPES = YES;
				CLANG_WARN_SUSPICIOUS_MOVE = YES;
				CLANG_WARN_UNGUARDED_AVAILABILITY = YES_AGGRESSIVE;
				CLANG_WARN_UNREACHABLE_CODE = YES;
				CLANG_WARN__DUPLICATE_METHOD_MATCH = YES;
				COPY_PHASE_STRIP = NO;
				DEBUG_INFORMATION_FORMAT = "dwarf-with-dsym";
				ENABLE_NS_ASSERTIONS = NO;
				ENABLE_STRICT_OBJC_MSGSEND = YES;
				ENABLE_USER_SCRIPT_SANDBOXING = YES;
				GCC_C_LANGUAGE_STANDARD = gnu17;
				GCC_NO_COMMON_BLOCKS = YES;
				GCC_WARN_64_TO_32_BIT_CONVERSION = YES;
				GCC_WARN_ABOUT_RETURN_TYPE = YES_ERROR;
				GCC_WARN_UNDECLARED_SELECTOR = YES;
				GCC_WARN_UNINITIALIZED_AUTOS = YES_AGGRESSIVE;
				GCC_WARN_UNUSED_FUNCTION = YES;
				GCC_WARN_UNUSED_VARIABLE = YES;
				IPHONEOS_DEPLOYMENT_TARGET = 17.5;
				LOCALIZATION_PREFERS_STRING_CATALOGS = YES;
				MTL_ENABLE_DEBUG_INFO = NO;
				MTL_FAST_MATH = YES;
				SDKROOT = iphoneos;
				SWIFT_COMPILATION_MODE = wholemodule;
				VALIDATE_PRODUCT = YES;
			};
			name = Release;
		};
		FE37CD752C47FFA9002A4AC6 /* Debug */ = {
			isa = XCBuildConfiguration;
			buildSettings = {
				ASSETCATALOG_COMPILER_APPICON_NAME = AppIcon;
				ASSETCATALOG_COMPILER_GLOBAL_ACCENT_COLOR_NAME = AccentColor;
				CODE_SIGN_STYLE = Automatic;
				CURRENT_PROJECT_VERSION = 1;
				DEVELOPMENT_ASSET_PATHS = "\"MovieApp/Preview Content\"";
				ENABLE_PREVIEWS = YES;
				GENERATE_INFOPLIST_FILE = YES;
				INFOPLIST_KEY_UIApplicationSceneManifest_Generation = YES;
				INFOPLIST_KEY_UIApplicationSupportsIndirectInputEvents = YES;
				INFOPLIST_KEY_UILaunchScreen_Generation = YES;
				INFOPLIST_KEY_UISupportedInterfaceOrientations_iPad = "UIInterfaceOrientationPortrait UIInterfaceOrientationPortraitUpsideDown UIInterfaceOrientationLandscapeLeft UIInterfaceOrientationLandscapeRight";
				INFOPLIST_KEY_UISupportedInterfaceOrientations_iPhone = "UIInterfaceOrientationPortrait UIInterfaceOrientationLandscapeLeft UIInterfaceOrientationLandscapeRight";
				LD_RUNPATH_SEARCH_PATHS = (
					"$(inherited)",
					"@executable_path/Frameworks",
				);
				MARKETING_VERSION = 1.0;
				PRODUCT_BUNDLE_IDENTIFIER = com.rhiz0m.MovieApp;
				PRODUCT_NAME = "$(TARGET_NAME)";
				SWIFT_EMIT_LOC_STRINGS = YES;
				SWIFT_VERSION = 5.0;
				TARGETED_DEVICE_FAMILY = "1,2";
			};
			name = Debug;
		};
		FE37CD762C47FFA9002A4AC6 /* Release */ = {
			isa = XCBuildConfiguration;
			buildSettings = {
				ASSETCATALOG_COMPILER_APPICON_NAME = AppIcon;
				ASSETCATALOG_COMPILER_GLOBAL_ACCENT_COLOR_NAME = AccentColor;
				CODE_SIGN_STYLE = Automatic;
				CURRENT_PROJECT_VERSION = 1;
				DEVELOPMENT_ASSET_PATHS = "\"MovieApp/Preview Content\"";
				ENABLE_PREVIEWS = YES;
				GENERATE_INFOPLIST_FILE = YES;
				INFOPLIST_KEY_UIApplicationSceneManifest_Generation = YES;
				INFOPLIST_KEY_UIApplicationSupportsIndirectInputEvents = YES;
				INFOPLIST_KEY_UILaunchScreen_Generation = YES;
				INFOPLIST_KEY_UISupportedInterfaceOrientations_iPad = "UIInterfaceOrientationPortrait UIInterfaceOrientationPortraitUpsideDown UIInterfaceOrientationLandscapeLeft UIInterfaceOrientationLandscapeRight";
				INFOPLIST_KEY_UISupportedInterfaceOrientations_iPhone = "UIInterfaceOrientationPortrait UIInterfaceOrientationLandscapeLeft UIInterfaceOrientationLandscapeRight";
				LD_RUNPATH_SEARCH_PATHS = (
					"$(inherited)",
					"@executable_path/Frameworks",
				);
				MARKETING_VERSION = 1.0;
				PRODUCT_BUNDLE_IDENTIFIER = com.rhiz0m.MovieApp;
				PRODUCT_NAME = "$(TARGET_NAME)";
				SWIFT_EMIT_LOC_STRINGS = YES;
				SWIFT_VERSION = 5.0;
				TARGETED_DEVICE_FAMILY = "1,2";
			};
			name = Release;
		};
		FE37CD782C47FFA9002A4AC6 /* Debug */ = {
			isa = XCBuildConfiguration;
			buildSettings = {
				ALWAYS_EMBED_SWIFT_STANDARD_LIBRARIES = YES;
				BUNDLE_LOADER = "$(TEST_HOST)";
				CODE_SIGN_STYLE = Automatic;
				CURRENT_PROJECT_VERSION = 1;
				GENERATE_INFOPLIST_FILE = YES;
				IPHONEOS_DEPLOYMENT_TARGET = 17.5;
				MARKETING_VERSION = 1.0;
				PRODUCT_BUNDLE_IDENTIFIER = com.rhiz0m.MovieAppTests;
				PRODUCT_NAME = "$(TARGET_NAME)";
				SWIFT_EMIT_LOC_STRINGS = NO;
				SWIFT_VERSION = 5.0;
				TARGETED_DEVICE_FAMILY = "1,2";
				TEST_HOST = "$(BUILT_PRODUCTS_DIR)/MovieApp.app/$(BUNDLE_EXECUTABLE_FOLDER_PATH)/MovieApp";
			};
			name = Debug;
		};
		FE37CD792C47FFA9002A4AC6 /* Release */ = {
			isa = XCBuildConfiguration;
			buildSettings = {
				ALWAYS_EMBED_SWIFT_STANDARD_LIBRARIES = YES;
				BUNDLE_LOADER = "$(TEST_HOST)";
				CODE_SIGN_STYLE = Automatic;
				CURRENT_PROJECT_VERSION = 1;
				GENERATE_INFOPLIST_FILE = YES;
				IPHONEOS_DEPLOYMENT_TARGET = 17.5;
				MARKETING_VERSION = 1.0;
				PRODUCT_BUNDLE_IDENTIFIER = com.rhiz0m.MovieAppTests;
				PRODUCT_NAME = "$(TARGET_NAME)";
				SWIFT_EMIT_LOC_STRINGS = NO;
				SWIFT_VERSION = 5.0;
				TARGETED_DEVICE_FAMILY = "1,2";
				TEST_HOST = "$(BUILT_PRODUCTS_DIR)/MovieApp.app/$(BUNDLE_EXECUTABLE_FOLDER_PATH)/MovieApp";
			};
			name = Release;
		};
		FE37CD7B2C47FFA9002A4AC6 /* Debug */ = {
			isa = XCBuildConfiguration;
			buildSettings = {
				ALWAYS_EMBED_SWIFT_STANDARD_LIBRARIES = YES;
				CODE_SIGN_STYLE = Automatic;
				CURRENT_PROJECT_VERSION = 1;
				GENERATE_INFOPLIST_FILE = YES;
				MARKETING_VERSION = 1.0;
				PRODUCT_BUNDLE_IDENTIFIER = com.rhiz0m.MovieAppUITests;
				PRODUCT_NAME = "$(TARGET_NAME)";
				SWIFT_EMIT_LOC_STRINGS = NO;
				SWIFT_VERSION = 5.0;
				TARGETED_DEVICE_FAMILY = "1,2";
				TEST_TARGET_NAME = MovieApp;
			};
			name = Debug;
		};
		FE37CD7C2C47FFA9002A4AC6 /* Release */ = {
			isa = XCBuildConfiguration;
			buildSettings = {
				ALWAYS_EMBED_SWIFT_STANDARD_LIBRARIES = YES;
				CODE_SIGN_STYLE = Automatic;
				CURRENT_PROJECT_VERSION = 1;
				GENERATE_INFOPLIST_FILE = YES;
				MARKETING_VERSION = 1.0;
				PRODUCT_BUNDLE_IDENTIFIER = com.rhiz0m.MovieAppUITests;
				PRODUCT_NAME = "$(TARGET_NAME)";
				SWIFT_EMIT_LOC_STRINGS = NO;
				SWIFT_VERSION = 5.0;
				TARGETED_DEVICE_FAMILY = "1,2";
				TEST_TARGET_NAME = MovieApp;
			};
			name = Release;
		};
/* End XCBuildConfiguration section */

/* Begin XCConfigurationList section */
		FE37CD4B2C47FFA6002A4AC6 /* Build configuration list for PBXProject "MovieApp" */ = {
			isa = XCConfigurationList;
			buildConfigurations = (
				FE37CD722C47FFA9002A4AC6 /* Debug */,
				FE37CD732C47FFA9002A4AC6 /* Release */,
			);
			defaultConfigurationIsVisible = 0;
			defaultConfigurationName = Release;
		};
		FE37CD742C47FFA9002A4AC6 /* Build configuration list for PBXNativeTarget "MovieApp" */ = {
			isa = XCConfigurationList;
			buildConfigurations = (
				FE37CD752C47FFA9002A4AC6 /* Debug */,
				FE37CD762C47FFA9002A4AC6 /* Release */,
			);
			defaultConfigurationIsVisible = 0;
			defaultConfigurationName = Release;
		};
		FE37CD772C47FFA9002A4AC6 /* Build configuration list for PBXNativeTarget "MovieAppTests" */ = {
			isa = XCConfigurationList;
			buildConfigurations = (
				FE37CD782C47FFA9002A4AC6 /* Debug */,
				FE37CD792C47FFA9002A4AC6 /* Release */,
			);
			defaultConfigurationIsVisible = 0;
			defaultConfigurationName = Release;
		};
		FE37CD7A2C47FFA9002A4AC6 /* Build configuration list for PBXNativeTarget "MovieAppUITests" */ = {
			isa = XCConfigurationList;
			buildConfigurations = (
				FE37CD7B2C47FFA9002A4AC6 /* Debug */,
				FE37CD7C2C47FFA9002A4AC6 /* Release */,
			);
			defaultConfigurationIsVisible = 0;
			defaultConfigurationName = Release;
		};
/* End XCConfigurationList section */
	};
	rootObject = FE37CD482C47FFA6002A4AC6 /* Project object */;
}
